
Microsoft Visual Studio Solution File, Format Version 12.00
# Visual Studio Version 16
VisualStudioVersion = 16.0.31205.134
MinimumVisualStudioVersion = 10.0.40219.1
Project("{FAE04EC0-301F-11D3-BF4B-00C04F79EFBC}") = "Tarefa_Exercicio_1", "Tarefa_Exercicio_1\Tarefa_Exercicio_1.csproj", "{52F30DE3-5C0C-41E7-B0A2-CD5962432CBE}"
EndProject
Global
	GlobalSection(SolutionConfigurationPlatforms) = preSolution
		Debug|Any CPU = Debug|Any CPU
		Release|Any CPU = Release|Any CPU
	EndGlobalSection
	GlobalSection(ProjectConfigurationPlatforms) = postSolution
		{52F30DE3-5C0C-41E7-B0A2-CD5962432CBE}.Debug|Any CPU.ActiveCfg = Debug|Any CPU
		{52F30DE3-5C0C-41E7-B0A2-CD5962432CBE}.Debug|Any CPU.Build.0 = Debug|Any CPU
		{52F30DE3-5C0C-41E7-B0A2-CD5962432CBE}.Release|Any CPU.ActiveCfg = Release|Any CPU
		{52F30DE3-5C0C-41E7-B0A2-CD5962432CBE}.Release|Any CPU.Build.0 = Release|Any CPU
	EndGlobalSection
	GlobalSection(SolutionProperties) = preSolution
		HideSolutionNode = FALSE
	EndGlobalSection
	GlobalSection(ExtensibilityGlobals) = postSolution
		SolutionGuid = {4A8A51A9-BBBF-4435-B788-DE4F2F45C446}
	EndGlobalSection
EndGlobal
